// !$*UTF8*$!
{
	archiveVersion = 1;
	classes = {
	};
	objectVersion = 56;
	objects = {

/* Begin PBXBuildFile section */
		BA8789D82CF0733B00B0CF2B /* CalAssignmentApp.swift in Sources */ = {isa = PBXBuildFile; fileRef = BA8789D72CF0733B00B0CF2B /* CalAssignmentApp.swift */; };
		BA8789EE2CF079B500B0CF2B /* RecipesRepository.swift in Sources */ = {isa = PBXBuildFile; fileRef = BA8789ED2CF079B500B0CF2B /* RecipesRepository.swift */; };
		BA8789F12CF07D8200B0CF2B /* Recipe.swift in Sources */ = {isa = PBXBuildFile; fileRef = BA8789F02CF07D8200B0CF2B /* Recipe.swift */; };
		BA8789F42CF07F9000B0CF2B /* RecipesView.swift in Sources */ = {isa = PBXBuildFile; fileRef = BA8789F32CF07F9000B0CF2B /* RecipesView.swift */; };
		BA8789F62CF07F9A00B0CF2B /* RecipesViewModel.swift in Sources */ = {isa = PBXBuildFile; fileRef = BA8789F52CF07F9900B0CF2B /* RecipesViewModel.swift */; };
		BA8789F82CF0816100B0CF2B /* RecipeView.swift in Sources */ = {isa = PBXBuildFile; fileRef = BA8789F72CF0816100B0CF2B /* RecipeView.swift */; };
		BA8789FB2CF0A1DF00B0CF2B /* RecipeDetails.swift in Sources */ = {isa = PBXBuildFile; fileRef = BA8789FA2CF0A1DF00B0CF2B /* RecipeDetails.swift */; };
		BA8789FE2CF0A1FD00B0CF2B /* RecipeDetailsViewModel.swift in Sources */ = {isa = PBXBuildFile; fileRef = BA8789FD2CF0A1FD00B0CF2B /* RecipeDetailsViewModel.swift */; };
		BA878A032CF0AE8100B0CF2B /* String+Extension.swift in Sources */ = {isa = PBXBuildFile; fileRef = BA878A022CF0AE8100B0CF2B /* String+Extension.swift */; };
		BA878A062CF0B12B00B0CF2B /* CryptoHelper.swift in Sources */ = {isa = PBXBuildFile; fileRef = BA878A052CF0B12B00B0CF2B /* CryptoHelper.swift */; };
		BA878A082CF0B15400B0CF2B /* BiometricHelper.swift in Sources */ = {isa = PBXBuildFile; fileRef = BA878A072CF0B15400B0CF2B /* BiometricHelper.swift */; };
		BACD140F2CF1C45B0030E5A2 /* Assets.xcassets in Resources */ = {isa = PBXBuildFile; fileRef = BACD140D2CF1C45B0030E5A2 /* Assets.xcassets */; };
		BACD14102CF1C45B0030E5A2 /* Preview Assets.xcassets in Resources */ = {isa = PBXBuildFile; fileRef = BACD140B2CF1C45B0030E5A2 /* Preview Assets.xcassets */; };
		BACD14482CF1C6CB0030E5A2 /* RecipeClient.swift in Sources */ = {isa = PBXBuildFile; fileRef = BACD14472CF1C6CB0030E5A2 /* RecipeClient.swift */; };
		BACD144F2CF1DCFF0030E5A2 /* RecipesNavigator.swift in Sources */ = {isa = PBXBuildFile; fileRef = BACD144E2CF1DCFF0030E5A2 /* RecipesNavigator.swift */; };
/* End PBXBuildFile section */

/* Begin PBXFileReference section */
		BA8789D42CF0733B00B0CF2B /* CalAssignment.app */ = {isa = PBXFileReference; explicitFileType = wrapper.application; includeInIndex = 0; path = CalAssignment.app; sourceTree = BUILT_PRODUCTS_DIR; };
		BA8789D72CF0733B00B0CF2B /* CalAssignmentApp.swift */ = {isa = PBXFileReference; lastKnownFileType = sourcecode.swift; path = CalAssignmentApp.swift; sourceTree = "<group>"; };
		BA8789ED2CF079B500B0CF2B /* RecipesRepository.swift */ = {isa = PBXFileReference; lastKnownFileType = sourcecode.swift; path = RecipesRepository.swift; sourceTree = "<group>"; };
		BA8789F02CF07D8200B0CF2B /* Recipe.swift */ = {isa = PBXFileReference; lastKnownFileType = sourcecode.swift; path = Recipe.swift; sourceTree = "<group>"; };
		BA8789F32CF07F9000B0CF2B /* RecipesView.swift */ = {isa = PBXFileReference; lastKnownFileType = sourcecode.swift; path = RecipesView.swift; sourceTree = "<group>"; };
		BA8789F52CF07F9900B0CF2B /* RecipesViewModel.swift */ = {isa = PBXFileReference; lastKnownFileType = sourcecode.swift; path = RecipesViewModel.swift; sourceTree = "<group>"; };
		BA8789F72CF0816100B0CF2B /* RecipeView.swift */ = {isa = PBXFileReference; lastKnownFileType = sourcecode.swift; path = RecipeView.swift; sourceTree = "<group>"; };
		BA8789FA2CF0A1DF00B0CF2B /* RecipeDetails.swift */ = {isa = PBXFileReference; lastKnownFileType = sourcecode.swift; path = RecipeDetails.swift; sourceTree = "<group>"; };
		BA8789FD2CF0A1FD00B0CF2B /* RecipeDetailsViewModel.swift */ = {isa = PBXFileReference; lastKnownFileType = sourcecode.swift; path = RecipeDetailsViewModel.swift; sourceTree = "<group>"; };
		BA878A022CF0AE8100B0CF2B /* String+Extension.swift */ = {isa = PBXFileReference; lastKnownFileType = sourcecode.swift; path = "String+Extension.swift"; sourceTree = "<group>"; };
		BA878A052CF0B12B00B0CF2B /* CryptoHelper.swift */ = {isa = PBXFileReference; lastKnownFileType = sourcecode.swift; path = CryptoHelper.swift; sourceTree = "<group>"; };
		BA878A072CF0B15400B0CF2B /* BiometricHelper.swift */ = {isa = PBXFileReference; lastKnownFileType = sourcecode.swift; path = BiometricHelper.swift; sourceTree = "<group>"; };
		BACD140B2CF1C45B0030E5A2 /* Preview Assets.xcassets */ = {isa = PBXFileReference; lastKnownFileType = folder.assetcatalog; path = "Preview Assets.xcassets"; sourceTree = "<group>"; };
		BACD140D2CF1C45B0030E5A2 /* Assets.xcassets */ = {isa = PBXFileReference; lastKnownFileType = folder.assetcatalog; path = Assets.xcassets; sourceTree = "<group>"; };
		BACD14472CF1C6CB0030E5A2 /* RecipeClient.swift */ = {isa = PBXFileReference; lastKnownFileType = sourcecode.swift; path = RecipeClient.swift; sourceTree = "<group>"; };
		BACD144E2CF1DCFF0030E5A2 /* RecipesNavigator.swift */ = {isa = PBXFileReference; lastKnownFileType = sourcecode.swift; path = RecipesNavigator.swift; sourceTree = "<group>"; };
/* End PBXFileReference section */

/* Begin PBXFrameworksBuildPhase section */
		BA8789D12CF0733B00B0CF2B /* Frameworks */ = {
			isa = PBXFrameworksBuildPhase;
			buildActionMask = 2147483647;
			files = (
			);
			runOnlyForDeploymentPostprocessing = 0;
		};
/* End PBXFrameworksBuildPhase section */

/* Begin PBXGroup section */
		BA8789CB2CF0733B00B0CF2B = {
			isa = PBXGroup;
			children = (
				BA8789D62CF0733B00B0CF2B /* CalAssignment */,
				BA8789D52CF0733B00B0CF2B /* Products */,
			);
			sourceTree = "<group>";
		};
		BA8789D52CF0733B00B0CF2B /* Products */ = {
			isa = PBXGroup;
			children = (
				BA8789D42CF0733B00B0CF2B /* CalAssignment.app */,
			);
			name = Products;
			sourceTree = "<group>";
		};
		BA8789D62CF0733B00B0CF2B /* CalAssignment */ = {
			isa = PBXGroup;
			children = (
				BA8789D72CF0733B00B0CF2B /* CalAssignmentApp.swift */,
				BA8789E52CF075A900B0CF2B /* Models */,
				BA8789E82CF075BE00B0CF2B /* Modules */,
				BACD144B2CF1CB5A0030E5A2 /* Networking */,
				BA8789EA2CF075D600B0CF2B /* Repositories */,
				BACD140E2CF1C45B0030E5A2 /* Resources */,
				BA878A002CF0AE6C00B0CF2B /* Utils */,
			);
			path = CalAssignment;
			sourceTree = "<group>";
		};
		BA8789E52CF075A900B0CF2B /* Models */ = {
			isa = PBXGroup;
			children = (
				BA8789EF2CF07D7700B0CF2B /* Recipe */,
			);
			path = Models;
			sourceTree = "<group>";
		};
		BA8789E82CF075BE00B0CF2B /* Modules */ = {
			isa = PBXGroup;
			children = (
				BA8789F22CF07F6D00B0CF2B /* Recipes */,
			);
			path = Modules;
			sourceTree = "<group>";
		};
		BA8789EA2CF075D600B0CF2B /* Repositories */ = {
			isa = PBXGroup;
			children = (
				BA8789ED2CF079B500B0CF2B /* RecipesRepository.swift */,
			);
			path = Repositories;
			sourceTree = "<group>";
		};
		BA8789EF2CF07D7700B0CF2B /* Recipe */ = {
			isa = PBXGroup;
			children = (
				BA8789F02CF07D8200B0CF2B /* Recipe.swift */,
			);
			path = Recipe;
			sourceTree = "<group>";
		};
		BA8789F22CF07F6D00B0CF2B /* Recipes */ = {
			isa = PBXGroup;
			children = (
				BA8789FF2CF0A20900B0CF2B /* RecipesList */,
				BA8789FC2CF0A1E300B0CF2B /* RecipeDetails */,
			);
			path = Recipes;
			sourceTree = "<group>";
		};
		BA8789FC2CF0A1E300B0CF2B /* RecipeDetails */ = {
			isa = PBXGroup;
			children = (
				BA8789FA2CF0A1DF00B0CF2B /* RecipeDetails.swift */,
				BA8789FD2CF0A1FD00B0CF2B /* RecipeDetailsViewModel.swift */,
			);
			path = RecipeDetails;
			sourceTree = "<group>";
		};
		BA8789FF2CF0A20900B0CF2B /* RecipesList */ = {
			isa = PBXGroup;
			children = (
				BA8789F32CF07F9000B0CF2B /* RecipesView.swift */,
				BA8789F52CF07F9900B0CF2B /* RecipesViewModel.swift */,
				BA8789F72CF0816100B0CF2B /* RecipeView.swift */,
			);
			path = RecipesList;
			sourceTree = "<group>";
		};
		BA878A002CF0AE6C00B0CF2B /* Utils */ = {
			isa = PBXGroup;
			children = (
				BACD14522CF1DD080030E5A2 /* Navigators */,
				BA878A042CF0B0EB00B0CF2B /* Helpers */,
				BA878A012CF0AE7500B0CF2B /* Extensions */,
			);
			path = Utils;
			sourceTree = "<group>";
		};
		BA878A012CF0AE7500B0CF2B /* Extensions */ = {
			isa = PBXGroup;
			children = (
				BA878A022CF0AE8100B0CF2B /* String+Extension.swift */,
			);
			path = Extensions;
			sourceTree = "<group>";
		};
		BA878A042CF0B0EB00B0CF2B /* Helpers */ = {
			isa = PBXGroup;
			children = (
				BA878A052CF0B12B00B0CF2B /* CryptoHelper.swift */,
				BA878A072CF0B15400B0CF2B /* BiometricHelper.swift */,
			);
			path = Helpers;
			sourceTree = "<group>";
		};
		BACD140C2CF1C45B0030E5A2 /* Preview Content */ = {
			isa = PBXGroup;
			children = (
				BACD140B2CF1C45B0030E5A2 /* Preview Assets.xcassets */,
			);
			path = "Preview Content";
			sourceTree = "<group>";
		};
		BACD140E2CF1C45B0030E5A2 /* Resources */ = {
			isa = PBXGroup;
			children = (
				BACD140C2CF1C45B0030E5A2 /* Preview Content */,
				BACD140D2CF1C45B0030E5A2 /* Assets.xcassets */,
			);
			path = Resources;
			sourceTree = "<group>";
		};
		BACD144B2CF1CB5A0030E5A2 /* Networking */ = {
			isa = PBXGroup;
			children = (
				BACD14472CF1C6CB0030E5A2 /* RecipeClient.swift */,
			);
			path = Networking;
			sourceTree = "<group>";
		};
		BACD14522CF1DD080030E5A2 /* Navigators */ = {
			isa = PBXGroup;
			children = (
				BACD144E2CF1DCFF0030E5A2 /* RecipesNavigator.swift */,
			);
			path = Navigators;
			sourceTree = "<group>";
		};
/* End PBXGroup section */

/* Begin PBXNativeTarget section */
		BA8789D32CF0733B00B0CF2B /* CalAssignment */ = {
			isa = PBXNativeTarget;
			buildConfigurationList = BA8789E22CF0734A00B0CF2B /* Build configuration list for PBXNativeTarget "CalAssignment" */;
			buildPhases = (
				BA8789D02CF0733B00B0CF2B /* Sources */,
				BA8789D12CF0733B00B0CF2B /* Frameworks */,
				BA8789D22CF0733B00B0CF2B /* Resources */,
			);
			buildRules = (
			);
			dependencies = (
			);
			name = CalAssignment;
			productName = CalAssignment;
			productReference = BA8789D42CF0733B00B0CF2B /* CalAssignment.app */;
			productType = "com.apple.product-type.application";
		};
/* End PBXNativeTarget section */

/* Begin PBXProject section */
		BA8789CC2CF0733B00B0CF2B /* Project object */ = {
			isa = PBXProject;
			attributes = {
				BuildIndependentTargetsInParallel = 1;
				LastSwiftUpdateCheck = 1530;
				LastUpgradeCheck = 1530;
				TargetAttributes = {
					BA8789D32CF0733B00B0CF2B = {
						CreatedOnToolsVersion = 15.3;
					};
				};
			};
			buildConfigurationList = BA8789CF2CF0733B00B0CF2B /* Build configuration list for PBXProject "CalAssignment" */;
			compatibilityVersion = "Xcode 14.0";
			developmentRegion = en;
			hasScannedForEncodings = 0;
			knownRegions = (
				en,
				Base,
			);
			mainGroup = BA8789CB2CF0733B00B0CF2B;
			productRefGroup = BA8789D52CF0733B00B0CF2B /* Products */;
			projectDirPath = "";
			projectRoot = "";
			targets = (
				BA8789D32CF0733B00B0CF2B /* CalAssignment */,
			);
		};
/* End PBXProject section */

/* Begin PBXResourcesBuildPhase section */
		BA8789D22CF0733B00B0CF2B /* Resources */ = {
			isa = PBXResourcesBuildPhase;
			buildActionMask = 2147483647;
			files = (
				BACD140F2CF1C45B0030E5A2 /* Assets.xcassets in Resources */,
				BACD14102CF1C45B0030E5A2 /* Preview Assets.xcassets in Resources */,
			);
			runOnlyForDeploymentPostprocessing = 0;
		};
/* End PBXResourcesBuildPhase section */

/* Begin PBXSourcesBuildPhase section */
		BA8789D02CF0733B00B0CF2B /* Sources */ = {
			isa = PBXSourcesBuildPhase;
			buildActionMask = 2147483647;
			files = (
				BA8789F62CF07F9A00B0CF2B /* RecipesViewModel.swift in Sources */,
				BA878A062CF0B12B00B0CF2B /* CryptoHelper.swift in Sources */,
				BA878A082CF0B15400B0CF2B /* BiometricHelper.swift in Sources */,
				BA8789EE2CF079B500B0CF2B /* RecipesRepository.swift in Sources */,
				BA8789F82CF0816100B0CF2B /* RecipeView.swift in Sources */,
				BACD144F2CF1DCFF0030E5A2 /* RecipesNavigator.swift in Sources */,
				BA8789FE2CF0A1FD00B0CF2B /* RecipeDetailsViewModel.swift in Sources */,
				BA8789FB2CF0A1DF00B0CF2B /* RecipeDetails.swift in Sources */,
				BA8789F42CF07F9000B0CF2B /* RecipesView.swift in Sources */,
				BACD14482CF1C6CB0030E5A2 /* RecipeClient.swift in Sources */,
				BA8789D82CF0733B00B0CF2B /* CalAssignmentApp.swift in Sources */,
				BA878A032CF0AE8100B0CF2B /* String+Extension.swift in Sources */,
				BA8789F12CF07D8200B0CF2B /* Recipe.swift in Sources */,
			);
			runOnlyForDeploymentPostprocessing = 0;
		};
/* End PBXSourcesBuildPhase section */

/* Begin XCBuildConfiguration section */
		BA8789E02CF0734A00B0CF2B /* Debug */ = {
			isa = XCBuildConfiguration;
			buildSettings = {
				ALWAYS_SEARCH_USER_PATHS = NO;
				ASSETCATALOG_COMPILER_GENERATE_SWIFT_ASSET_SYMBOL_EXTENSIONS = YES;
				CLANG_ANALYZER_NONNULL = YES;
				CLANG_ANALYZER_NUMBER_OBJECT_CONVERSION = YES_AGGRESSIVE;
				CLANG_CXX_LANGUAGE_STANDARD = "gnu++20";
				CLANG_ENABLE_MODULES = YES;
				CLANG_ENABLE_OBJC_ARC = YES;
				CLANG_ENABLE_OBJC_WEAK = YES;
				CLANG_WARN_BLOCK_CAPTURE_AUTORELEASING = YES;
				CLANG_WARN_BOOL_CONVERSION = YES;
				CLANG_WARN_COMMA = YES;
				CLANG_WARN_CONSTANT_CONVERSION = YES;
				CLANG_WARN_DEPRECATED_OBJC_IMPLEMENTATIONS = YES;
				CLANG_WARN_DIRECT_OBJC_ISA_USAGE = YES_ERROR;
				CLANG_WARN_DOCUMENTATION_COMMENTS = YES;
				CLANG_WARN_EMPTY_BODY = YES;
				CLANG_WARN_ENUM_CONVERSION = YES;
				CLANG_WARN_INFINITE_RECURSION = YES;
				CLANG_WARN_INT_CONVERSION = YES;
				CLANG_WARN_NON_LITERAL_NULL_CONVERSION = YES;
				CLANG_WARN_OBJC_IMPLICIT_RETAIN_SELF = YES;
				CLANG_WARN_OBJC_LITERAL_CONVERSION = YES;
				CLANG_WARN_OBJC_ROOT_CLASS = YES_ERROR;
				CLANG_WARN_QUOTED_INCLUDE_IN_FRAMEWORK_HEADER = YES;
				CLANG_WARN_RANGE_LOOP_ANALYSIS = YES;
				CLANG_WARN_STRICT_PROTOTYPES = YES;
				CLANG_WARN_SUSPICIOUS_MOVE = YES;
				CLANG_WARN_UNGUARDED_AVAILABILITY = YES_AGGRESSIVE;
				CLANG_WARN_UNREACHABLE_CODE = YES;
				CLANG_WARN__DUPLICATE_METHOD_MATCH = YES;
				COPY_PHASE_STRIP = NO;
				DEBUG_INFORMATION_FORMAT = dwarf;
				ENABLE_STRICT_OBJC_MSGSEND = YES;
				ENABLE_TESTABILITY = YES;
				ENABLE_USER_SCRIPT_SANDBOXING = YES;
				GCC_C_LANGUAGE_STANDARD = gnu17;
				GCC_DYNAMIC_NO_PIC = NO;
				GCC_NO_COMMON_BLOCKS = YES;
				GCC_OPTIMIZATION_LEVEL = 0;
				GCC_PREPROCESSOR_DEFINITIONS = (
					"DEBUG=1",
					"$(inherited)",
				);
				GCC_WARN_64_TO_32_BIT_CONVERSION = YES;
				GCC_WARN_ABOUT_RETURN_TYPE = YES_ERROR;
				GCC_WARN_UNDECLARED_SELECTOR = YES;
				GCC_WARN_UNINITIALIZED_AUTOS = YES_AGGRESSIVE;
				GCC_WARN_UNUSED_FUNCTION = YES;
				GCC_WARN_UNUSED_VARIABLE = YES;
				IPHONEOS_DEPLOYMENT_TARGET = 17.4;
				LOCALIZATION_PREFERS_STRING_CATALOGS = YES;
				MTL_ENABLE_DEBUG_INFO = INCLUDE_SOURCE;
				MTL_FAST_MATH = YES;
				ONLY_ACTIVE_ARCH = YES;
				SDKROOT = iphoneos;
				SWIFT_ACTIVE_COMPILATION_CONDITIONS = "DEBUG $(inherited)";
				SWIFT_OPTIMIZATION_LEVEL = "-Onone";
			};
			name = Debug;
		};
		BA8789E12CF0734A00B0CF2B /* Release */ = {
			isa = XCBuildConfiguration;
			buildSettings = {
				ALWAYS_SEARCH_USER_PATHS = NO;
				ASSETCATALOG_COMPILER_GENERATE_SWIFT_ASSET_SYMBOL_EXTENSIONS = YES;
				CLANG_ANALYZER_NONNULL = YES;
				CLANG_ANALYZER_NUMBER_OBJECT_CONVERSION = YES_AGGRESSIVE;
				CLANG_CXX_LANGUAGE_STANDARD = "gnu++20";
				CLANG_ENABLE_MODULES = YES;
				CLANG_ENABLE_OBJC_ARC = YES;
				CLANG_ENABLE_OBJC_WEAK = YES;
				CLANG_WARN_BLOCK_CAPTURE_AUTORELEASING = YES;
				CLANG_WARN_BOOL_CONVERSION = YES;
				CLANG_WARN_COMMA = YES;
				CLANG_WARN_CONSTANT_CONVERSION = YES;
				CLANG_WARN_DEPRECATED_OBJC_IMPLEMENTATIONS = YES;
				CLANG_WARN_DIRECT_OBJC_ISA_USAGE = YES_ERROR;
				CLANG_WARN_DOCUMENTATION_COMMENTS = YES;
				CLANG_WARN_EMPTY_BODY = YES;
				CLANG_WARN_ENUM_CONVERSION = YES;
				CLANG_WARN_INFINITE_RECURSION = YES;
				CLANG_WARN_INT_CONVERSION = YES;
				CLANG_WARN_NON_LITERAL_NULL_CONVERSION = YES;
				CLANG_WARN_OBJC_IMPLICIT_RETAIN_SELF = YES;
				CLANG_WARN_OBJC_LITERAL_CONVERSION = YES;
				CLANG_WARN_OBJC_ROOT_CLASS = YES_ERROR;
				CLANG_WARN_QUOTED_INCLUDE_IN_FRAMEWORK_HEADER = YES;
				CLANG_WARN_RANGE_LOOP_ANALYSIS = YES;
				CLANG_WARN_STRICT_PROTOTYPES = YES;
				CLANG_WARN_SUSPICIOUS_MOVE = YES;
				CLANG_WARN_UNGUARDED_AVAILABILITY = YES_AGGRESSIVE;
				CLANG_WARN_UNREACHABLE_CODE = YES;
				CLANG_WARN__DUPLICATE_METHOD_MATCH = YES;
				COPY_PHASE_STRIP = NO;
				DEBUG_INFORMATION_FORMAT = "dwarf-with-dsym";
				ENABLE_NS_ASSERTIONS = NO;
				ENABLE_STRICT_OBJC_MSGSEND = YES;
				ENABLE_USER_SCRIPT_SANDBOXING = YES;
				GCC_C_LANGUAGE_STANDARD = gnu17;
				GCC_NO_COMMON_BLOCKS = YES;
				GCC_WARN_64_TO_32_BIT_CONVERSION = YES;
				GCC_WARN_ABOUT_RETURN_TYPE = YES_ERROR;
				GCC_WARN_UNDECLARED_SELECTOR = YES;
				GCC_WARN_UNINITIALIZED_AUTOS = YES_AGGRESSIVE;
				GCC_WARN_UNUSED_FUNCTION = YES;
				GCC_WARN_UNUSED_VARIABLE = YES;
				IPHONEOS_DEPLOYMENT_TARGET = 17.4;
				LOCALIZATION_PREFERS_STRING_CATALOGS = YES;
				MTL_ENABLE_DEBUG_INFO = NO;
				MTL_FAST_MATH = YES;
				SDKROOT = iphoneos;
				SWIFT_COMPILATION_MODE = wholemodule;
				VALIDATE_PRODUCT = YES;
			};
			name = Release;
		};
		BA8789E32CF0734A00B0CF2B /* Debug */ = {
			isa = XCBuildConfiguration;
			buildSettings = {
				ASSETCATALOG_COMPILER_APPICON_NAME = AppIcon;
				ASSETCATALOG_COMPILER_GLOBAL_ACCENT_COLOR_NAME = AccentColor;
				CODE_SIGN_STYLE = Automatic;
				CURRENT_PROJECT_VERSION = 1;
				DEVELOPMENT_ASSET_PATHS = "\"CalAssignment/Resources/Preview Content\"";
				DEVELOPMENT_TEAM = LMNQ8K7V9N;
				ENABLE_PREVIEWS = YES;
				GENERATE_INFOPLIST_FILE = YES;
				INFOPLIST_KEY_NSFaceIDUsageDescription = "We need Face ID or Touch ID to securely encrypt and decrypt recipe data";
				INFOPLIST_KEY_UIApplicationSceneManifest_Generation = YES;
				INFOPLIST_KEY_UIApplicationSupportsIndirectInputEvents = YES;
				INFOPLIST_KEY_UILaunchScreen_Generation = YES;
				INFOPLIST_KEY_UISupportedInterfaceOrientations_iPad = "UIInterfaceOrientationPortrait UIInterfaceOrientationPortraitUpsideDown UIInterfaceOrientationLandscapeLeft UIInterfaceOrientationLandscapeRight";
				INFOPLIST_KEY_UISupportedInterfaceOrientations_iPhone = "UIInterfaceOrientationPortrait UIInterfaceOrientationLandscapeLeft UIInterfaceOrientationLandscapeRight";
				LD_RUNPATH_SEARCH_PATHS = (
					"$(inherited)",
					"@executable_path/Frameworks",
				);
				MARKETING_VERSION = 1.0;
				PRODUCT_BUNDLE_IDENTIFIER = com.shor.CalAssignment;
				PRODUCT_NAME = "$(TARGET_NAME)";
				SWIFT_EMIT_LOC_STRINGS = YES;
				SWIFT_VERSION = 5.0;
				TARGETED_DEVICE_FAMILY = "1,2";
			};
			name = Debug;
		};
		BA8789E42CF0734A00B0CF2B /* Release */ = {
			isa = XCBuildConfiguration;
			buildSettings = {
				ASSETCATALOG_COMPILER_APPICON_NAME = AppIcon;
				ASSETCATALOG_COMPILER_GLOBAL_ACCENT_COLOR_NAME = AccentColor;
				CODE_SIGN_STYLE = Automatic;
				CURRENT_PROJECT_VERSION = 1;
				DEVELOPMENT_ASSET_PATHS = "\"CalAssignment/Resources/Preview Content\"";
				DEVELOPMENT_TEAM = LMNQ8K7V9N;
				ENABLE_PREVIEWS = YES;
				GENERATE_INFOPLIST_FILE = YES;
				INFOPLIST_KEY_NSFaceIDUsageDescription = "We need Face ID or Touch ID to securely encrypt and decrypt recipe data";
				INFOPLIST_KEY_UIApplicationSceneManifest_Generation = YES;
				INFOPLIST_KEY_UIApplicationSupportsIndirectInputEvents = YES;
				INFOPLIST_KEY_UILaunchScreen_Generation = YES;
				INFOPLIST_KEY_UISupportedInterfaceOrientations_iPad = "UIInterfaceOrientationPortrait UIInterfaceOrientationPortraitUpsideDown UIInterfaceOrientationLandscapeLeft UIInterfaceOrientationLandscapeRight";
				INFOPLIST_KEY_UISupportedInterfaceOrientations_iPhone = "UIInterfaceOrientationPortrait UIInterfaceOrientationLandscapeLeft UIInterfaceOrientationLandscapeRight";
				LD_RUNPATH_SEARCH_PATHS = (
					"$(inherited)",
					"@executable_path/Frameworks",
				);
				MARKETING_VERSION = 1.0;
				PRODUCT_BUNDLE_IDENTIFIER = com.shor.CalAssignment;
				PRODUCT_NAME = "$(TARGET_NAME)";
				SWIFT_EMIT_LOC_STRINGS = YES;
				SWIFT_VERSION = 5.0;
				TARGETED_DEVICE_FAMILY = "1,2";
			};
			name = Release;
		};
/* End XCBuildConfiguration section */

/* Begin XCConfigurationList section */
		BA8789CF2CF0733B00B0CF2B /* Build configuration list for PBXProject "CalAssignment" */ = {
			isa = XCConfigurationList;
			buildConfigurations = (
				BA8789E02CF0734A00B0CF2B /* Debug */,
				BA8789E12CF0734A00B0CF2B /* Release */,
			);
			defaultConfigurationIsVisible = 0;
			defaultConfigurationName = Release;
		};
		BA8789E22CF0734A00B0CF2B /* Build configuration list for PBXNativeTarget "CalAssignment" */ = {
			isa = XCConfigurationList;
			buildConfigurations = (
				BA8789E32CF0734A00B0CF2B /* Debug */,
				BA8789E42CF0734A00B0CF2B /* Release */,
			);
			defaultConfigurationIsVisible = 0;
			defaultConfigurationName = Release;
		};
/* End XCConfigurationList section */
	};
	rootObject = BA8789CC2CF0733B00B0CF2B /* Project object */;
}
